// !$*UTF8*$!
{
	archiveVersion = 1;
	classes = {
	};
	objectVersion = 50;
	objects = {

/* Begin PBXBuildFile section */
		ADE3F34021368349000E9D92 /* AppDelegate.m in Sources */ = {isa = PBXBuildFile; fileRef = ADE3F33F21368349000E9D92 /* AppDelegate.m */; };
		ADE3F34321368349000E9D92 /* ViewController.m in Sources */ = {isa = PBXBuildFile; fileRef = ADE3F34221368349000E9D92 /* ViewController.m */; };
		ADE3F34621368349000E9D92 /* Main.storyboard in Resources */ = {isa = PBXBuildFile; fileRef = ADE3F34421368349000E9D92 /* Main.storyboard */; };
		ADE3F3482136834A000E9D92 /* Assets.xcassets in Resources */ = {isa = PBXBuildFile; fileRef = ADE3F3472136834A000E9D92 /* Assets.xcassets */; };
		ADE3F34B2136834A000E9D92 /* LaunchScreen.storyboard in Resources */ = {isa = PBXBuildFile; fileRef = ADE3F3492136834A000E9D92 /* LaunchScreen.storyboard */; };
		ADE3F34E2136834A000E9D92 /* main.m in Sources */ = {isa = PBXBuildFile; fileRef = ADE3F34D2136834A000E9D92 /* main.m */; };
		ADE3F3582136834B000E9D92 /* WKWebViewDemoTests.m in Sources */ = {isa = PBXBuildFile; fileRef = ADE3F3572136834B000E9D92 /* WKWebViewDemoTests.m */; };
		ADE3F3632136834B000E9D92 /* WKWebViewDemoUITests.m in Sources */ = {isa = PBXBuildFile; fileRef = ADE3F3622136834B000E9D92 /* WKWebViewDemoUITests.m */; };
		ADE3F371213685CC000E9D92 /* TestJS.html in Resources */ = {isa = PBXBuildFile; fileRef = ADE3F370213685CC000E9D92 /* TestJS.html */; };
		ADE3F37621369F66000E9D92 /* JSModel.m in Sources */ = {isa = PBXBuildFile; fileRef = ADE3F37521369F66000E9D92 /* JSModel.m */; };
		ADE3F37921378C08000E9D92 /* MFWKWebViewController.m in Sources */ = {isa = PBXBuildFile; fileRef = ADE3F37821378C08000E9D92 /* MFWKWebViewController.m */; };
/* End PBXBuildFile section */

/* Begin PBXContainerItemProxy section */
		ADE3F3542136834B000E9D92 /* PBXContainerItemProxy */ = {
			isa = PBXContainerItemProxy;
			containerPortal = ADE3F33321368349000E9D92 /* Project object */;
			proxyType = 1;
			remoteGlobalIDString = ADE3F33A21368349000E9D92;
			remoteInfo = WKWebViewDemo;
		};
		ADE3F35F2136834B000E9D92 /* PBXContainerItemProxy */ = {
			isa = PBXContainerItemProxy;
			containerPortal = ADE3F33321368349000E9D92 /* Project object */;
			proxyType = 1;
			remoteGlobalIDString = ADE3F33A21368349000E9D92;
			remoteInfo = WKWebViewDemo;
		};
/* End PBXContainerItemProxy section */

/* Begin PBXFileReference section */
		ADE3F33B21368349000E9D92 /* WKWebViewDemo.app */ = {isa = PBXFileReference; explicitFileType = wrapper.application; includeInIndex = 0; path = WKWebViewDemo.app; sourceTree = BUILT_PRODUCTS_DIR; };
		ADE3F33E21368349000E9D92 /* AppDelegate.h */ = {isa = PBXFileReference; lastKnownFileType = sourcecode.c.h; path = AppDelegate.h; sourceTree = "<group>"; };
		ADE3F33F21368349000E9D92 /* AppDelegate.m */ = {isa = PBXFileReference; lastKnownFileType = sourcecode.c.objc; path = AppDelegate.m; sourceTree = "<group>"; };
		ADE3F34121368349000E9D92 /* ViewController.h */ = {isa = PBXFileReference; lastKnownFileType = sourcecode.c.h; path = ViewController.h; sourceTree = "<group>"; };
		ADE3F34221368349000E9D92 /* ViewController.m */ = {isa = PBXFileReference; lastKnownFileType = sourcecode.c.objc; path = ViewController.m; sourceTree = "<group>"; };
		ADE3F34521368349000E9D92 /* Base */ = {isa = PBXFileReference; lastKnownFileType = file.storyboard; name = Base; path = Base.lproj/Main.storyboard; sourceTree = "<group>"; };
		ADE3F3472136834A000E9D92 /* Assets.xcassets */ = {isa = PBXFileReference; lastKnownFileType = folder.assetcatalog; path = Assets.xcassets; sourceTree = "<group>"; };
		ADE3F34A2136834A000E9D92 /* Base */ = {isa = PBXFileReference; lastKnownFileType = file.storyboard; name = Base; path = Base.lproj/LaunchScreen.storyboard; sourceTree = "<group>"; };
		ADE3F34C2136834A000E9D92 /* Info.plist */ = {isa = PBXFileReference; lastKnownFileType = text.plist.xml; path = Info.plist; sourceTree = "<group>"; };
		ADE3F34D2136834A000E9D92 /* main.m */ = {isa = PBXFileReference; lastKnownFileType = sourcecode.c.objc; path = main.m; sourceTree = "<group>"; };
		ADE3F3532136834B000E9D92 /* WKWebViewDemoTests.xctest */ = {isa = PBXFileReference; explicitFileType = wrapper.cfbundle; includeInIndex = 0; path = WKWebViewDemoTests.xctest; sourceTree = BUILT_PRODUCTS_DIR; };
		ADE3F3572136834B000E9D92 /* WKWebViewDemoTests.m */ = {isa = PBXFileReference; lastKnownFileType = sourcecode.c.objc; path = WKWebViewDemoTests.m; sourceTree = "<group>"; };
		ADE3F3592136834B000E9D92 /* Info.plist */ = {isa = PBXFileReference; lastKnownFileType = text.plist.xml; path = Info.plist; sourceTree = "<group>"; };
		ADE3F35E2136834B000E9D92 /* WKWebViewDemoUITests.xctest */ = {isa = PBXFileReference; explicitFileType = wrapper.cfbundle; includeInIndex = 0; path = WKWebViewDemoUITests.xctest; sourceTree = BUILT_PRODUCTS_DIR; };
		ADE3F3622136834B000E9D92 /* WKWebViewDemoUITests.m */ = {isa = PBXFileReference; lastKnownFileType = sourcecode.c.objc; path = WKWebViewDemoUITests.m; sourceTree = "<group>"; };
		ADE3F3642136834B000E9D92 /* Info.plist */ = {isa = PBXFileReference; lastKnownFileType = text.plist.xml; path = Info.plist; sourceTree = "<group>"; };
		ADE3F370213685CC000E9D92 /* TestJS.html */ = {isa = PBXFileReference; fileEncoding = 4; lastKnownFileType = text.html; path = TestJS.html; sourceTree = "<group>"; };
		ADE3F37421369F66000E9D92 /* JSModel.h */ = {isa = PBXFileReference; lastKnownFileType = sourcecode.c.h; path = JSModel.h; sourceTree = "<group>"; };
		ADE3F37521369F66000E9D92 /* JSModel.m */ = {isa = PBXFileReference; lastKnownFileType = sourcecode.c.objc; path = JSModel.m; sourceTree = "<group>"; };
		ADE3F37721378C08000E9D92 /* MFWKWebViewController.h */ = {isa = PBXFileReference; lastKnownFileType = sourcecode.c.h; path = MFWKWebViewController.h; sourceTree = "<group>"; };
		ADE3F37821378C08000E9D92 /* MFWKWebViewController.m */ = {isa = PBXFileReference; lastKnownFileType = sourcecode.c.objc; path = MFWKWebViewController.m; sourceTree = "<group>"; };
/* End PBXFileReference section */

/* Begin PBXFrameworksBuildPhase section */
		ADE3F33821368349000E9D92 /* Frameworks */ = {
			isa = PBXFrameworksBuildPhase;
			buildActionMask = 2147483647;
			files = (
			);
			runOnlyForDeploymentPostprocessing = 0;
		};
		ADE3F3502136834B000E9D92 /* Frameworks */ = {
			isa = PBXFrameworksBuildPhase;
			buildActionMask = 2147483647;
			files = (
			);
			runOnlyForDeploymentPostprocessing = 0;
		};
		ADE3F35B2136834B000E9D92 /* Frameworks */ = {
			isa = PBXFrameworksBuildPhase;
			buildActionMask = 2147483647;
			files = (
			);
			runOnlyForDeploymentPostprocessing = 0;
		};
/* End PBXFrameworksBuildPhase section */

/* Begin PBXGroup section */
		ADE3F33221368349000E9D92 = {
			isa = PBXGroup;
			children = (
				ADE3F33D21368349000E9D92 /* WKWebViewDemo */,
				ADE3F3562136834B000E9D92 /* WKWebViewDemoTests */,
				ADE3F3612136834B000E9D92 /* WKWebViewDemoUITests */,
				ADE3F33C21368349000E9D92 /* Products */,
			);
			sourceTree = "<group>";
		};
		ADE3F33C21368349000E9D92 /* Products */ = {
			isa = PBXGroup;
			children = (
				ADE3F33B21368349000E9D92 /* WKWebViewDemo.app */,
				ADE3F3532136834B000E9D92 /* WKWebViewDemoTests.xctest */,
				ADE3F35E2136834B000E9D92 /* WKWebViewDemoUITests.xctest */,
			);
			name = Products;
			sourceTree = "<group>";
		};
		ADE3F33D21368349000E9D92 /* WKWebViewDemo */ = {
			isa = PBXGroup;
			children = (
				ADE3F33E21368349000E9D92 /* AppDelegate.h */,
				ADE3F33F21368349000E9D92 /* AppDelegate.m */,
				ADE3F34121368349000E9D92 /* ViewController.h */,
				ADE3F34221368349000E9D92 /* ViewController.m */,
				ADE3F37721378C08000E9D92 /* MFWKWebViewController.h */,
				ADE3F37821378C08000E9D92 /* MFWKWebViewController.m */,
				ADE3F37421369F66000E9D92 /* JSModel.h */,
				ADE3F37521369F66000E9D92 /* JSModel.m */,
				ADE3F370213685CC000E9D92 /* TestJS.html */,
				ADE3F34421368349000E9D92 /* Main.storyboard */,
				ADE3F3472136834A000E9D92 /* Assets.xcassets */,
				ADE3F3492136834A000E9D92 /* LaunchScreen.storyboard */,
				ADE3F34C2136834A000E9D92 /* Info.plist */,
				ADE3F34D2136834A000E9D92 /* main.m */,
			);
			path = WKWebViewDemo;
			sourceTree = "<group>";
		};
		ADE3F3562136834B000E9D92 /* WKWebViewDemoTests */ = {
			isa = PBXGroup;
			children = (
				ADE3F3572136834B000E9D92 /* WKWebViewDemoTests.m */,
				ADE3F3592136834B000E9D92 /* Info.plist */,
			);
			path = WKWebViewDemoTests;
			sourceTree = "<group>";
		};
		ADE3F3612136834B000E9D92 /* WKWebViewDemoUITests */ = {
			isa = PBXGroup;
			children = (
				ADE3F3622136834B000E9D92 /* WKWebViewDemoUITests.m */,
				ADE3F3642136834B000E9D92 /* Info.plist */,
			);
			path = WKWebViewDemoUITests;
			sourceTree = "<group>";
		};
/* End PBXGroup section */

/* Begin PBXNativeTarget section */
		ADE3F33A21368349000E9D92 /* WKWebViewDemo */ = {
			isa = PBXNativeTarget;
			buildConfigurationList = ADE3F3672136834B000E9D92 /* Build configuration list for PBXNativeTarget "WKWebViewDemo" */;
			buildPhases = (
				ADE3F33721368349000E9D92 /* Sources */,
				ADE3F33821368349000E9D92 /* Frameworks */,
				ADE3F33921368349000E9D92 /* Resources */,
			);
			buildRules = (
			);
			dependencies = (
			);
			name = WKWebViewDemo;
			productName = WKWebViewDemo;
			productReference = ADE3F33B21368349000E9D92 /* WKWebViewDemo.app */;
			productType = "com.apple.product-type.application";
		};
		ADE3F3522136834B000E9D92 /* WKWebViewDemoTests */ = {
			isa = PBXNativeTarget;
			buildConfigurationList = ADE3F36A2136834B000E9D92 /* Build configuration list for PBXNativeTarget "WKWebViewDemoTests" */;
			buildPhases = (
				ADE3F34F2136834B000E9D92 /* Sources */,
				ADE3F3502136834B000E9D92 /* Frameworks */,
				ADE3F3512136834B000E9D92 /* Resources */,
			);
			buildRules = (
			);
			dependencies = (
				ADE3F3552136834B000E9D92 /* PBXTargetDependency */,
			);
			name = WKWebViewDemoTests;
			productName = WKWebViewDemoTests;
			productReference = ADE3F3532136834B000E9D92 /* WKWebViewDemoTests.xctest */;
			productType = "com.apple.product-type.bundle.unit-test";
		};
		ADE3F35D2136834B000E9D92 /* WKWebViewDemoUITests */ = {
			isa = PBXNativeTarget;
			buildConfigurationList = ADE3F36D2136834B000E9D92 /* Build configuration list for PBXNativeTarget "WKWebViewDemoUITests" */;
			buildPhases = (
				ADE3F35A2136834B000E9D92 /* Sources */,
				ADE3F35B2136834B000E9D92 /* Frameworks */,
				ADE3F35C2136834B000E9D92 /* Resources */,
			);
			buildRules = (
			);
			dependencies = (
				ADE3F3602136834B000E9D92 /* PBXTargetDependency */,
			);
			name = WKWebViewDemoUITests;
			productName = WKWebViewDemoUITests;
			productReference = ADE3F35E2136834B000E9D92 /* WKWebViewDemoUITests.xctest */;
			productType = "com.apple.product-type.bundle.ui-testing";
		};
/* End PBXNativeTarget section */

/* Begin PBXProject section */
		ADE3F33321368349000E9D92 /* Project object */ = {
			isa = PBXProject;
			attributes = {
				LastUpgradeCheck = 0940;
				ORGANIZATIONNAME = "杨晓周";
				TargetAttributes = {
					ADE3F33A21368349000E9D92 = {
						CreatedOnToolsVersion = 9.4.1;
					};
					ADE3F3522136834B000E9D92 = {
						CreatedOnToolsVersion = 9.4.1;
						TestTargetID = ADE3F33A21368349000E9D92;
					};
					ADE3F35D2136834B000E9D92 = {
						CreatedOnToolsVersion = 9.4.1;
						TestTargetID = ADE3F33A21368349000E9D92;
					};
				};
			};
			buildConfigurationList = ADE3F33621368349000E9D92 /* Build configuration list for PBXProject "WKWebViewDemo" */;
			compatibilityVersion = "Xcode 9.3";
			developmentRegion = en;
			hasScannedForEncodings = 0;
			knownRegions = (
				en,
				Base,
			);
			mainGroup = ADE3F33221368349000E9D92;
			productRefGroup = ADE3F33C21368349000E9D92 /* Products */;
			projectDirPath = "";
			projectRoot = "";
			targets = (
				ADE3F33A21368349000E9D92 /* WKWebViewDemo */,
				ADE3F3522136834B000E9D92 /* WKWebViewDemoTests */,
				ADE3F35D2136834B000E9D92 /* WKWebViewDemoUITests */,
			);
		};
/* End PBXProject section */

/* Begin PBXResourcesBuildPhase section */
		ADE3F33921368349000E9D92 /* Resources */ = {
			isa = PBXResourcesBuildPhase;
			buildActionMask = 2147483647;
			files = (
				ADE3F34B2136834A000E9D92 /* LaunchScreen.storyboard in Resources */,
				ADE3F3482136834A000E9D92 /* Assets.xcassets in Resources */,
				ADE3F34621368349000E9D92 /* Main.storyboard in Resources */,
				ADE3F371213685CC000E9D92 /* TestJS.html in Resources */,
			);
			runOnlyForDeploymentPostprocessing = 0;
		};
		ADE3F3512136834B000E9D92 /* Resources */ = {
			isa = PBXResourcesBuildPhase;
			buildActionMask = 2147483647;
			files = (
			);
			runOnlyForDeploymentPostprocessing = 0;
		};
		ADE3F35C2136834B000E9D92 /* Resources */ = {
			isa = PBXResourcesBuildPhase;
			buildActionMask = 2147483647;
			files = (
			);
			runOnlyForDeploymentPostprocessing = 0;
		};
/* End PBXResourcesBuildPhase section */

/* Begin PBXSourcesBuildPhase section */
		ADE3F33721368349000E9D92 /* Sources */ = {
			isa = PBXSourcesBuildPhase;
			buildActionMask = 2147483647;
			files = (
				ADE3F34321368349000E9D92 /* ViewController.m in Sources */,
				ADE3F34E2136834A000E9D92 /* main.m in Sources */,
				ADE3F37621369F66000E9D92 /* JSModel.m in Sources */,
				ADE3F34021368349000E9D92 /* AppDelegate.m in Sources */,
				ADE3F37921378C08000E9D92 /* MFWKWebViewController.m in Sources */,
			);
			runOnlyForDeploymentPostprocessing = 0;
		};
		ADE3F34F2136834B000E9D92 /* Sources */ = {
			isa = PBXSourcesBuildPhase;
			buildActionMask = 2147483647;
			files = (
				ADE3F3582136834B000E9D92 /* WKWebViewDemoTests.m in Sources */,
			);
			runOnlyForDeploymentPostprocessing = 0;
		};
		ADE3F35A2136834B000E9D92 /* Sources */ = {
			isa = PBXSourcesBuildPhase;
			buildActionMask = 2147483647;
			files = (
				ADE3F3632136834B000E9D92 /* WKWebViewDemoUITests.m in Sources */,
			);
			runOnlyForDeploymentPostprocessing = 0;
		};
/* End PBXSourcesBuildPhase section */

/* Begin PBXTargetDependency section */
		ADE3F3552136834B000E9D92 /* PBXTargetDependency */ = {
			isa = PBXTargetDependency;
			target = ADE3F33A21368349000E9D92 /* WKWebViewDemo */;
			targetProxy = ADE3F3542136834B000E9D92 /* PBXContainerItemProxy */;
		};
		ADE3F3602136834B000E9D92 /* PBXTargetDependency */ = {
			isa = PBXTargetDependency;
			target = ADE3F33A21368349000E9D92 /* WKWebViewDemo */;
			targetProxy = ADE3F35F2136834B000E9D92 /* PBXContainerItemProxy */;
		};
/* End PBXTargetDependency section */

/* Begin PBXVariantGroup section */
		ADE3F34421368349000E9D92 /* Main.storyboard */ = {
			isa = PBXVariantGroup;
			children = (
				ADE3F34521368349000E9D92 /* Base */,
			);
			name = Main.storyboard;
			sourceTree = "<group>";
		};
		ADE3F3492136834A000E9D92 /* LaunchScreen.storyboard */ = {
			isa = PBXVariantGroup;
			children = (
				ADE3F34A2136834A000E9D92 /* Base */,
			);
			name = LaunchScreen.storyboard;
			sourceTree = "<group>";
		};
/* End PBXVariantGroup section */

/* Begin XCBuildConfiguration section */
		ADE3F3652136834B000E9D92 /* Debug */ = {
			isa = XCBuildConfiguration;
			buildSettings = {
				ALWAYS_SEARCH_USER_PATHS = NO;
				CLANG_ANALYZER_NONNULL = YES;
				CLANG_ANALYZER_NUMBER_OBJECT_CONVERSION = YES_AGGRESSIVE;
				CLANG_CXX_LANGUAGE_STANDARD = "gnu++14";
				CLANG_CXX_LIBRARY = "libc++";
				CLANG_ENABLE_MODULES = YES;
				CLANG_ENABLE_OBJC_ARC = YES;
				CLANG_ENABLE_OBJC_WEAK = YES;
				CLANG_WARN_BLOCK_CAPTURE_AUTORELEASING = YES;
				CLANG_WARN_BOOL_CONVERSION = YES;
				CLANG_WARN_COMMA = YES;
				CLANG_WARN_CONSTANT_CONVERSION = YES;
				CLANG_WARN_DEPRECATED_OBJC_IMPLEMENTATIONS = YES;
				CLANG_WARN_DIRECT_OBJC_ISA_USAGE = YES_ERROR;
				CLANG_WARN_DOCUMENTATION_COMMENTS = YES;
				CLANG_WARN_EMPTY_BODY = YES;
				CLANG_WARN_ENUM_CONVERSION = YES;
				CLANG_WARN_INFINITE_RECURSION = YES;
				CLANG_WARN_INT_CONVERSION = YES;
				CLANG_WARN_NON_LITERAL_NULL_CONVERSION = YES;
				CLANG_WARN_OBJC_IMPLICIT_RETAIN_SELF = YES;
				CLANG_WARN_OBJC_LITERAL_CONVERSION = YES;
				CLANG_WARN_OBJC_ROOT_CLASS = YES_ERROR;
				CLANG_WARN_RANGE_LOOP_ANALYSIS = YES;
				CLANG_WARN_STRICT_PROTOTYPES = YES;
				CLANG_WARN_SUSPICIOUS_MOVE = YES;
				CLANG_WARN_UNGUARDED_AVAILABILITY = YES_AGGRESSIVE;
				CLANG_WARN_UNREACHABLE_CODE = YES;
				CLANG_WARN__DUPLICATE_METHOD_MATCH = YES;
				CODE_SIGN_IDENTITY = "iPhone Developer";
				COPY_PHASE_STRIP = NO;
				DEBUG_INFORMATION_FORMAT = dwarf;
				ENABLE_STRICT_OBJC_MSGSEND = YES;
				ENABLE_TESTABILITY = YES;
				GCC_C_LANGUAGE_STANDARD = gnu11;
				GCC_DYNAMIC_NO_PIC = NO;
				GCC_NO_COMMON_BLOCKS = YES;
				GCC_OPTIMIZATION_LEVEL = 0;
				GCC_PREPROCESSOR_DEFINITIONS = (
					"DEBUG=1",
					"$(inherited)",
				);
				GCC_WARN_64_TO_32_BIT_CONVERSION = YES;
				GCC_WARN_ABOUT_RETURN_TYPE = YES_ERROR;
				GCC_WARN_UNDECLARED_SELECTOR = YES;
				GCC_WARN_UNINITIALIZED_AUTOS = YES_AGGRESSIVE;
				GCC_WARN_UNUSED_FUNCTION = YES;
				GCC_WARN_UNUSED_VARIABLE = YES;
				IPHONEOS_DEPLOYMENT_TARGET = 11.4;
				MTL_ENABLE_DEBUG_INFO = YES;
				ONLY_ACTIVE_ARCH = YES;
				SDKROOT = iphoneos;
			};
			name = Debug;
		};
		ADE3F3662136834B000E9D92 /* Release */ = {
			isa = XCBuildConfiguration;
			buildSettings = {
				ALWAYS_SEARCH_USER_PATHS = NO;
				CLANG_ANALYZER_NONNULL = YES;
				CLANG_ANALYZER_NUMBER_OBJECT_CONVERSION = YES_AGGRESSIVE;
				CLANG_CXX_LANGUAGE_STANDARD = "gnu++14";
				CLANG_CXX_LIBRARY = "libc++";
				CLANG_ENABLE_MODULES = YES;
				CLANG_ENABLE_OBJC_ARC = YES;
				CLANG_ENABLE_OBJC_WEAK = YES;
				CLANG_WARN_BLOCK_CAPTURE_AUTORELEASING = YES;
				CLANG_WARN_BOOL_CONVERSION = YES;
				CLANG_WARN_COMMA = YES;
				CLANG_WARN_CONSTANT_CONVERSION = YES;
				CLANG_WARN_DEPRECATED_OBJC_IMPLEMENTATIONS = YES;
				CLANG_WARN_DIRECT_OBJC_ISA_USAGE = YES_ERROR;
				CLANG_WARN_DOCUMENTATION_COMMENTS = YES;
				CLANG_WARN_EMPTY_BODY = YES;
				CLANG_WARN_ENUM_CONVERSION = YES;
				CLANG_WARN_INFINITE_RECURSION = YES;
				CLANG_WARN_INT_CONVERSION = YES;
				CLANG_WARN_NON_LITERAL_NULL_CONVERSION = YES;
				CLANG_WARN_OBJC_IMPLICIT_RETAIN_SELF = YES;
				CLANG_WARN_OBJC_LITERAL_CONVERSION = YES;
				CLANG_WARN_OBJC_ROOT_CLASS = YES_ERROR;
				CLANG_WARN_RANGE_LOOP_ANALYSIS = YES;
				CLANG_WARN_STRICT_PROTOTYPES = YES;
				CLANG_WARN_SUSPICIOUS_MOVE = YES;
				CLANG_WARN_UNGUARDED_AVAILABILITY = YES_AGGRESSIVE;
				CLANG_WARN_UNREACHABLE_CODE = YES;
				CLANG_WARN__DUPLICATE_METHOD_MATCH = YES;
				CODE_SIGN_IDENTITY = "iPhone Developer";
				COPY_PHASE_STRIP = NO;
				DEBUG_INFORMATION_FORMAT = "dwarf-with-dsym";
				ENABLE_NS_ASSERTIONS = NO;
				ENABLE_STRICT_OBJC_MSGSEND = YES;
				GCC_C_LANGUAGE_STANDARD = gnu11;
				GCC_NO_COMMON_BLOCKS = YES;
				GCC_WARN_64_TO_32_BIT_CONVERSION = YES;
				GCC_WARN_ABOUT_RETURN_TYPE = YES_ERROR;
				GCC_WARN_UNDECLARED_SELECTOR = YES;
				GCC_WARN_UNINITIALIZED_AUTOS = YES_AGGRESSIVE;
				GCC_WARN_UNUSED_FUNCTION = YES;
				GCC_WARN_UNUSED_VARIABLE = YES;
				IPHONEOS_DEPLOYMENT_TARGET = 11.4;
				MTL_ENABLE_DEBUG_INFO = NO;
				SDKROOT = iphoneos;
				VALIDATE_PRODUCT = YES;
			};
			name = Release;
		};
		ADE3F3682136834B000E9D92 /* Debug */ = {
			isa = XCBuildConfiguration;
			buildSettings = {
				ASSETCATALOG_COMPILER_APPICON_NAME = AppIcon;
				CODE_SIGN_STYLE = Automatic;
				INFOPLIST_FILE = WKWebViewDemo/Info.plist;
				LD_RUNPATH_SEARCH_PATHS = (
					"$(inherited)",
					"@executable_path/Frameworks",
				);
				PRODUCT_BUNDLE_IDENTIFIER = kkdkkk.WKWebViewDemo;
				PRODUCT_NAME = "$(TARGET_NAME)";
				TARGETED_DEVICE_FAMILY = "1,2";
			};
			name = Debug;
		};
		ADE3F3692136834B000E9D92 /* Release */ = {
			isa = XCBuildConfiguration;
			buildSettings = {
				ASSETCATALOG_COMPILER_APPICON_NAME = AppIcon;
				CODE_SIGN_STYLE = Automatic;
				INFOPLIST_FILE = WKWebViewDemo/Info.plist;
				LD_RUNPATH_SEARCH_PATHS = (
					"$(inherited)",
					"@executable_path/Frameworks",
				);
				PRODUCT_BUNDLE_IDENTIFIER = kkdkkk.WKWebViewDemo;
				PRODUCT_NAME = "$(TARGET_NAME)";
				TARGETED_DEVICE_FAMILY = "1,2";
			};
			name = Release;
		};
		ADE3F36B2136834B000E9D92 /* Debug */ = {
			isa = XCBuildConfiguration;
			buildSettings = {
				BUNDLE_LOADER = "$(TEST_HOST)";
				CODE_SIGN_STYLE = Automatic;
				INFOPLIST_FILE = WKWebViewDemoTests/Info.plist;
				LD_RUNPATH_SEARCH_PATHS = (
					"$(inherited)",
					"@executable_path/Frameworks",
					"@loader_path/Frameworks",
				);
				PRODUCT_BUNDLE_IDENTIFIER = kkdkkk.WKWebViewDemoTests;
				PRODUCT_NAME = "$(TARGET_NAME)";
				TARGETED_DEVICE_FAMILY = "1,2";
				TEST_HOST = "$(BUILT_PRODUCTS_DIR)/WKWebViewDemo.app/WKWebViewDemo";
			};
			name = Debug;
		};
		ADE3F36C2136834B000E9D92 /* Release */ = {
			isa = XCBuildConfiguration;
			buildSettings = {
				BUNDLE_LOADER = "$(TEST_HOST)";
				CODE_SIGN_STYLE = Automatic;
				INFOPLIST_FILE = WKWebViewDemoTests/Info.plist;
				LD_RUNPATH_SEARCH_PATHS = (
					"$(inherited)",
					"@executable_path/Frameworks",
					"@loader_path/Frameworks",
				);
				PRODUCT_BUNDLE_IDENTIFIER = kkdkkk.WKWebViewDemoTests;
				PRODUCT_NAME = "$(TARGET_NAME)";
				TARGETED_DEVICE_FAMILY = "1,2";
				TEST_HOST = "$(BUILT_PRODUCTS_DIR)/WKWebViewDemo.app/WKWebViewDemo";
			};
			name = Release;
		};
		ADE3F36E2136834B000E9D92 /* Debug */ = {
			isa = XCBuildConfiguration;
			buildSettings = {
				CODE_SIGN_STYLE = Automatic;
				INFOPLIST_FILE = WKWebViewDemoUITests/Info.plist;
				LD_RUNPATH_SEARCH_PATHS = (
					"$(inherited)",
					"@executable_path/Frameworks",
					"@loader_path/Frameworks",
				);
				PRODUCT_BUNDLE_IDENTIFIER = kkdkkk.WKWebViewDemoUITests;
				PRODUCT_NAME = "$(TARGET_NAME)";
				TARGETED_DEVICE_FAMILY = "1,2";
				TEST_TARGET_NAME = WKWebViewDemo;
			};
			name = Debug;
		};
		ADE3F36F2136834B000E9D92 /* Release */ = {
			isa = XCBuildConfiguration;
			buildSettings = {
				CODE_SIGN_STYLE = Automatic;
				INFOPLIST_FILE = WKWebViewDemoUITests/Info.plist;
				LD_RUNPATH_SEARCH_PATHS = (
					"$(inherited)",
					"@executable_path/Frameworks",
					"@loader_path/Frameworks",
				);
				PRODUCT_BUNDLE_IDENTIFIER = kkdkkk.WKWebViewDemoUITests;
				PRODUCT_NAME = "$(TARGET_NAME)";
				TARGETED_DEVICE_FAMILY = "1,2";
				TEST_TARGET_NAME = WKWebViewDemo;
			};
			name = Release;
		};
/* End XCBuildConfiguration section */

/* Begin XCConfigurationList section */
		ADE3F33621368349000E9D92 /* Build configuration list for PBXProject "WKWebViewDemo" */ = {
			isa = XCConfigurationList;
			buildConfigurations = (
				ADE3F3652136834B000E9D92 /* Debug */,
				ADE3F3662136834B000E9D92 /* Release */,
			);
			defaultConfigurationIsVisible = 0;
			defaultConfigurationName = Release;
		};
		ADE3F3672136834B000E9D92 /* Build configuration list for PBXNativeTarget "WKWebViewDemo" */ = {
			isa = XCConfigurationList;
			buildConfigurations = (
				ADE3F3682136834B000E9D92 /* Debug */,
				ADE3F3692136834B000E9D92 /* Release */,
			);
			defaultConfigurationIsVisible = 0;
			defaultConfigurationName = Release;
		};
		ADE3F36A2136834B000E9D92 /* Build configuration list for PBXNativeTarget "WKWebViewDemoTests" */ = {
			isa = XCConfigurationList;
			buildConfigurations = (
				ADE3F36B2136834B000E9D92 /* Debug */,
				ADE3F36C2136834B000E9D92 /* Release */,
			);
			defaultConfigurationIsVisible = 0;
			defaultConfigurationName = Release;
		};
		ADE3F36D2136834B000E9D92 /* Build configuration list for PBXNativeTarget "WKWebViewDemoUITests" */ = {
			isa = XCConfigurationList;
			buildConfigurations = (
				ADE3F36E2136834B000E9D92 /* Debug */,
				ADE3F36F2136834B000E9D92 /* Release */,
			);
			defaultConfigurationIsVisible = 0;
			defaultConfigurationName = Release;
		};
/* End XCConfigurationList section */
	};
	rootObject = ADE3F33321368349000E9D92 /* Project object */;
}
